
Microsoft Visual Studio Solution File, Format Version 12.00
# Visual Studio 2012
Project("{FAE04EC0-301F-11D3-BF4B-00C04F79EFBC}") = "ConsultaLicencias", "ConsultaLicencias\ConsultaLicencias.csproj", "{C6BCB83B-9566-4205-B0B2-87F56F7E3674}"
EndProject
Global
	GlobalSection(TeamFoundationVersionControl) = preSolution
		SccNumberOfProjects = 2
		SccEnterpriseProvider = {4CA58AB2-18FA-4F8D-95D4-32DDF27D184C}
		SccTeamFoundationServer = http://10.8.3.112:8080/tfs/desarrollo
		SccLocalPath0 = .
		SccProjectUniqueName1 = ConsultaLicencias\\ConsultaLicencias.csproj
		SccProjectName1 = ConsultaLicencias
		SccLocalPath1 = ConsultaLicencias
	EndGlobalSection
	GlobalSection(SolutionConfigurationPlatforms) = preSolution
		Debug|Any CPU = Debug|Any CPU
		Release|Any CPU = Release|Any CPU
	EndGlobalSection
	GlobalSection(ProjectConfigurationPlatforms) = postSolution
		{C6BCB83B-9566-4205-B0B2-87F56F7E3674}.Debug|Any CPU.ActiveCfg = Debug|Any CPU
		{C6BCB83B-9566-4205-B0B2-87F56F7E3674}.Debug|Any CPU.Build.0 = Debug|Any CPU
		{C6BCB83B-9566-4205-B0B2-87F56F7E3674}.Release|Any CPU.ActiveCfg = Release|Any CPU
		{C6BCB83B-9566-4205-B0B2-87F56F7E3674}.Release|Any CPU.Build.0 = Release|Any CPU
	EndGlobalSection
	GlobalSection(SolutionProperties) = preSolution
		HideSolutionNode = FALSE
	EndGlobalSection
EndGlobal
